
Microsoft Visual Studio Solution File, Format Version 12.00
Project("{FAE04EC0-301F-11D3-BF4B-00C04F79EFBC}") = "Neo3dEngine", "Neo3dEngine\Neo3dEngine.csproj", "{E8562734-2016-4CEA-8169-8BB2B5C707A2}"
EndProject
Project("{FAE04EC0-301F-11D3-BF4B-00C04F79EFBC}") = "SampleGame", "SampleGame\SampleGame.csproj", "{3B17E83F-D26A-419F-A604-46D2B2591564}"
EndProject
Global
	GlobalSection(SolutionConfigurationPlatforms) = preSolution
		Debug|Any CPU = Debug|Any CPU
		Release|Any CPU = Release|Any CPU
	EndGlobalSection
	GlobalSection(ProjectConfigurationPlatforms) = postSolution
		{E8562734-2016-4CEA-8169-8BB2B5C707A2}.Debug|Any CPU.ActiveCfg = Debug|Any CPU
		{E8562734-2016-4CEA-8169-8BB2B5C707A2}.Debug|Any CPU.Build.0 = Debug|Any CPU
		{E8562734-2016-4CEA-8169-8BB2B5C707A2}.Release|Any CPU.ActiveCfg = Release|Any CPU
		{E8562734-2016-4CEA-8169-8BB2B5C707A2}.Release|Any CPU.Build.0 = Release|Any CPU
		{3B17E83F-D26A-419F-A604-46D2B2591564}.Debug|Any CPU.ActiveCfg = Debug|Any CPU
		{3B17E83F-D26A-419F-A604-46D2B2591564}.Debug|Any CPU.Build.0 = Debug|Any CPU
		{3B17E83F-D26A-419F-A604-46D2B2591564}.Release|Any CPU.ActiveCfg = Release|Any CPU
		{3B17E83F-D26A-419F-A604-46D2B2591564}.Release|Any CPU.Build.0 = Release|Any CPU
	EndGlobalSection
EndGlobal
